{
  "name": "magusrex",
  "version": "1.0.0",
  "lockfileVersion": 1,
  "requires": true,
  "dependencies": {
    "bower": {
      "version": "1.8.0",
      "resolved": "https://registry.npmjs.org/bower/-/bower-1.8.0.tgz",
      "integrity": "sha1-Vdvr7wrZFVOC2enT5JfBNyNFtEo="
    },
    "createjs": {
      "version": "0.0.1",
      "resolved": "https://registry.npmjs.org/createjs/-/createjs-0.0.1.tgz",
      "integrity": "sha1-VUJVKn2wGU8K1ChVMqlrxx8peI0="
    }
  }
}
